
Microsoft Visual Studio Solution File, Format Version 12.00
Project("{FAE04EC0-301F-11D3-BF4B-00C04F79EFBC}") = "Trips.API", "Trips.API\Trips.API.csproj", "{0E3F20B5-8ACB-44D8-8605-A7644DE6C291}"
EndProject
Global
	GlobalSection(SolutionConfigurationPlatforms) = preSolution
		Debug|Any CPU = Debug|Any CPU
		Release|Any CPU = Release|Any CPU
	EndGlobalSection
	GlobalSection(ProjectConfigurationPlatforms) = postSolution
		{0E3F20B5-8ACB-44D8-8605-A7644DE6C291}.Debug|Any CPU.ActiveCfg = Debug|Any CPU
		{0E3F20B5-8ACB-44D8-8605-A7644DE6C291}.Debug|Any CPU.Build.0 = Debug|Any CPU
		{0E3F20B5-8ACB-44D8-8605-A7644DE6C291}.Release|Any CPU.ActiveCfg = Release|Any CPU
		{0E3F20B5-8ACB-44D8-8605-A7644DE6C291}.Release|Any CPU.Build.0 = Release|Any CPU
	EndGlobalSection
EndGlobal
